
Microsoft Visual Studio Solution File, Format Version 12.00
# Visual Studio Version 17
VisualStudioVersion = 17.3.32929.385
MinimumVisualStudioVersion = 10.0.40219.1
Project("{FAE04EC0-301F-11D3-BF4B-00C04F79EFBC}") = "ArraysTasks", "ArraysTasks\ArraysTasks.csproj", "{A5B55E68-84F5-4939-89DB-0A0F5370E44A}"
EndProject
Global
	GlobalSection(SolutionConfigurationPlatforms) = preSolution
		Debug|Any CPU = Debug|Any CPU
		Release|Any CPU = Release|Any CPU
	EndGlobalSection
	GlobalSection(ProjectConfigurationPlatforms) = postSolution
		{A5B55E68-84F5-4939-89DB-0A0F5370E44A}.Debug|Any CPU.ActiveCfg = Debug|Any CPU
		{A5B55E68-84F5-4939-89DB-0A0F5370E44A}.Debug|Any CPU.Build.0 = Debug|Any CPU
		{A5B55E68-84F5-4939-89DB-0A0F5370E44A}.Release|Any CPU.ActiveCfg = Release|Any CPU
		{A5B55E68-84F5-4939-89DB-0A0F5370E44A}.Release|Any CPU.Build.0 = Release|Any CPU
	EndGlobalSection
	GlobalSection(SolutionProperties) = preSolution
		HideSolutionNode = FALSE
	EndGlobalSection
	GlobalSection(ExtensibilityGlobals) = postSolution
		SolutionGuid = {4D4087CB-C7AD-4A48-B172-38EE3ACEF097}
	EndGlobalSection
EndGlobal
